
Microsoft Visual Studio Solution File, Format Version 12.00
# Visual Studio 15
VisualStudioVersion = 15.0.28010.2036
MinimumVisualStudioVersion = 10.0.40219.1
Project("{FAE04EC0-301F-11D3-BF4B-00C04F79EFBC}") = "ZF.BL.Nesper", "ZF.BL.Nesper.csproj", "{2E280F90-7641-48DE-9D98-58CEA6DB9E27}"
EndProject
Global
	GlobalSection(SolutionConfigurationPlatforms) = preSolution
		Debug|Any CPU = Debug|Any CPU
		Release|Any CPU = Release|Any CPU
	EndGlobalSection
	GlobalSection(ProjectConfigurationPlatforms) = postSolution
		{2E280F90-7641-48DE-9D98-58CEA6DB9E27}.Debug|Any CPU.ActiveCfg = Debug|Any CPU
		{2E280F90-7641-48DE-9D98-58CEA6DB9E27}.Debug|Any CPU.Build.0 = Debug|Any CPU
		{2E280F90-7641-48DE-9D98-58CEA6DB9E27}.Release|Any CPU.ActiveCfg = Release|Any CPU
		{2E280F90-7641-48DE-9D98-58CEA6DB9E27}.Release|Any CPU.Build.0 = Release|Any CPU
	EndGlobalSection
	GlobalSection(SolutionProperties) = preSolution
		HideSolutionNode = FALSE
	EndGlobalSection
	GlobalSection(ExtensibilityGlobals) = postSolution
		SolutionGuid = {CCD38EFA-D903-471E-9813-97FD915F6262}
	EndGlobalSection
EndGlobal
